
Microsoft Visual Studio Solution File, Format Version 12.00
# Visual Studio Version 16
VisualStudioVersion = 16.0.30413.136
MinimumVisualStudioVersion = 10.0.40219.1
Project("{8BC9CEB8-8B4A-11D0-8D11-00A0C91BC942}") = "AlaDS_2c-3s-3l", "AlaDS_2c-3s-3l\AlaDS_2c-3s-3l.vcxproj", "{BF8C5958-A539-4691-A1E6-0B151E6EB87C}"
EndProject
Global
	GlobalSection(SolutionConfigurationPlatforms) = preSolution
		Debug|x64 = Debug|x64
		Debug|x86 = Debug|x86
		Release|x64 = Release|x64
		Release|x86 = Release|x86
	EndGlobalSection
	GlobalSection(ProjectConfigurationPlatforms) = postSolution
		{BF8C5958-A539-4691-A1E6-0B151E6EB87C}.Debug|x64.ActiveCfg = Debug|x64
		{BF8C5958-A539-4691-A1E6-0B151E6EB87C}.Debug|x64.Build.0 = Debug|x64
		{BF8C5958-A539-4691-A1E6-0B151E6EB87C}.Debug|x86.ActiveCfg = Debug|Win32
		{BF8C5958-A539-4691-A1E6-0B151E6EB87C}.Debug|x86.Build.0 = Debug|Win32
		{BF8C5958-A539-4691-A1E6-0B151E6EB87C}.Release|x64.ActiveCfg = Release|x64
		{BF8C5958-A539-4691-A1E6-0B151E6EB87C}.Release|x64.Build.0 = Release|x64
		{BF8C5958-A539-4691-A1E6-0B151E6EB87C}.Release|x86.ActiveCfg = Release|Win32
		{BF8C5958-A539-4691-A1E6-0B151E6EB87C}.Release|x86.Build.0 = Release|Win32
	EndGlobalSection
	GlobalSection(SolutionProperties) = preSolution
		HideSolutionNode = FALSE
	EndGlobalSection
	GlobalSection(ExtensibilityGlobals) = postSolution
		SolutionGuid = {C1FBF971-DFC2-4247-A0D6-8D3F178A434B}
	EndGlobalSection
EndGlobal
